
Microsoft Visual Studio Solution File, Format Version 12.00
# Visual Studio 15
VisualStudioVersion = 15.0.26127.0
MinimumVisualStudioVersion = 10.0.40219.1
Project("{FAE04EC0-301F-11D3-BF4B-00C04F79EFBC}") = "ImageCompressionTest", "ImageCompressionTest\ImageCompressionTest.csproj", "{0CF1E06E-776F-4B54-8F0C-F87A9F494923}"
EndProject
Global
	GlobalSection(SolutionConfigurationPlatforms) = preSolution
		Debug|Any CPU = Debug|Any CPU
		Release|Any CPU = Release|Any CPU
	EndGlobalSection
	GlobalSection(ProjectConfigurationPlatforms) = postSolution
		{0CF1E06E-776F-4B54-8F0C-F87A9F494923}.Debug|Any CPU.ActiveCfg = Debug|Any CPU
		{0CF1E06E-776F-4B54-8F0C-F87A9F494923}.Debug|Any CPU.Build.0 = Debug|Any CPU
		{0CF1E06E-776F-4B54-8F0C-F87A9F494923}.Release|Any CPU.ActiveCfg = Release|Any CPU
		{0CF1E06E-776F-4B54-8F0C-F87A9F494923}.Release|Any CPU.Build.0 = Release|Any CPU
	EndGlobalSection
	GlobalSection(SolutionProperties) = preSolution
		HideSolutionNode = FALSE
	EndGlobalSection
EndGlobal
